
Microsoft Visual Studio Solution File, Format Version 12.00
# Visual Studio Version 17
VisualStudioVersion = 17.7.34202.233
MinimumVisualStudioVersion = 10.0.40219.1
Project("{FAE04EC0-301F-11D3-BF4B-00C04F79EFBC}") = "MentorShipProgram", "MentorShipProgram.csproj", "{51256BBD-C031-45FD-BDD1-E0A44239FA21}"
EndProject
Global
	GlobalSection(SolutionConfigurationPlatforms) = preSolution
		Debug|Any CPU = Debug|Any CPU
		Release|Any CPU = Release|Any CPU
	EndGlobalSection
	GlobalSection(ProjectConfigurationPlatforms) = postSolution
		{51256BBD-C031-45FD-BDD1-E0A44239FA21}.Debug|Any CPU.ActiveCfg = Debug|Any CPU
		{51256BBD-C031-45FD-BDD1-E0A44239FA21}.Debug|Any CPU.Build.0 = Debug|Any CPU
		{51256BBD-C031-45FD-BDD1-E0A44239FA21}.Release|Any CPU.ActiveCfg = Release|Any CPU
		{51256BBD-C031-45FD-BDD1-E0A44239FA21}.Release|Any CPU.Build.0 = Release|Any CPU
	EndGlobalSection
	GlobalSection(SolutionProperties) = preSolution
		HideSolutionNode = FALSE
	EndGlobalSection
	GlobalSection(ExtensibilityGlobals) = postSolution
		SolutionGuid = {4C3EA92F-018B-40F7-9F4F-D47073FE7230}
	EndGlobalSection
EndGlobal
